
Microsoft Visual Studio Solution File, Format Version 12.00
# Visual Studio Version 17
VisualStudioVersion = 17.2.32526.322
MinimumVisualStudioVersion = 10.0.40219.1
Project("{8BC9CEB8-8B4A-11D0-8D11-00A0C91BC942}") = "Project1", "Project1\Project1.vcxproj", "{07D6F3CC-EE69-48FD-BCF5-79309D2CFA6A}"
EndProject
Global
	GlobalSection(SolutionConfigurationPlatforms) = preSolution
		Debug|x64 = Debug|x64
		Debug|x86 = Debug|x86
		Release|x64 = Release|x64
		Release|x86 = Release|x86
	EndGlobalSection
	GlobalSection(ProjectConfigurationPlatforms) = postSolution
		{07D6F3CC-EE69-48FD-BCF5-79309D2CFA6A}.Debug|x64.ActiveCfg = Debug|x64
		{07D6F3CC-EE69-48FD-BCF5-79309D2CFA6A}.Debug|x64.Build.0 = Debug|x64
		{07D6F3CC-EE69-48FD-BCF5-79309D2CFA6A}.Debug|x86.ActiveCfg = Debug|Win32
		{07D6F3CC-EE69-48FD-BCF5-79309D2CFA6A}.Debug|x86.Build.0 = Debug|Win32
		{07D6F3CC-EE69-48FD-BCF5-79309D2CFA6A}.Release|x64.ActiveCfg = Release|x64
		{07D6F3CC-EE69-48FD-BCF5-79309D2CFA6A}.Release|x64.Build.0 = Release|x64
		{07D6F3CC-EE69-48FD-BCF5-79309D2CFA6A}.Release|x86.ActiveCfg = Release|Win32
		{07D6F3CC-EE69-48FD-BCF5-79309D2CFA6A}.Release|x86.Build.0 = Release|Win32
	EndGlobalSection
	GlobalSection(SolutionProperties) = preSolution
		HideSolutionNode = FALSE
	EndGlobalSection
	GlobalSection(ExtensibilityGlobals) = postSolution
		SolutionGuid = {EB6DA356-2057-427B-BE3E-6742E8C6AC40}
	EndGlobalSection
EndGlobal
